{
  "name": "bella-openapi",
  "lockfileVersion": 3,
  "requires": true,
  "packages": {
    "": {
      "dependencies": {
        "eventsource-parser": "^3.0.1"
      }
    },
    "node_modules/eventsource-parser": {
      "version": "3.0.1",
      "resolved": "https://registry.npmjs.org/eventsource-parser/-/eventsource-parser-3.0.1.tgz",
      "integrity": "sha512-VARTJ9CYeuQYb0pZEPbzi740OWFgpHe7AYJ2WFZVnUDUQp5Dk2yJUgF36YsZ81cOyxT0QxmXD2EQpapAouzWVA==",
      "engines": {
        "node": ">=18.0.0"
      }
    }
  }
}
